PODS:
  - Alamofire (5.0.5)
  - DLRadioButton (1.4.12)
  - DynamicBlurView (4.1.0)
  - MOLH (1.4.3)
  - PayButtonIOS (1.2.0):
    - Alamofire (~> 5.0.5)
    - DLRadioButton (~> 1.4.12)
    - MOLH (~> 1.4.3)
    - PayCardsRecognizer (~> 1.1.7)
    - PopupDialog (~> 1.1.1)
  - PayCardsRecognizer (1.1.7)
  - PopupDialog (1.1.1):
    - DynamicBlurView (~> 4.0)

DEPENDENCIES:
  - PayButtonIOS (from `https://github.com/payskyCompany/PayButtonIOS.git`, branch `master`)

SPEC REPOS:
  trunk:
    - Alamofire
    - DLRadioButton
    - DynamicBlurView
    - MOLH
    - PayCardsRecognizer
    - PopupDialog

EXTERNAL SOURCES:
  PayButtonIOS:
    :branch: master
    :git: https://github.com/payskyCompany/PayButtonIOS.git

CHECKOUT OPTIONS:
  PayButtonIOS:
    :commit: 68f5785d4f47123f1ceb55c6eff36026912ef0d1
    :git: https://github.com/payskyCompany/PayButtonIOS.git

SPEC CHECKSUMS:
  Alamofire: df2f8f826963b08b9a870791ad48e07a10090b2e
  DLRadioButton: d7c4e225ed0e8013cef7be61455230c7557ad7c1
  DynamicBlurView: 58e18fae80bb614e34681a4486870e7d257b62e8
  MOLH: e45827d200aeb1310641090fd8cd03ad2b42ae72
  PayButtonIOS: cb9274219da1138ad709e1f8aa24cbd3e60f9852
  PayCardsRecognizer: 2e4d1b2fdd5f1528fb56064a91e1d58a1af7a2db
  PopupDialog: 720c92befd8bc23c13442254945213db5612f149

PODFILE CHECKSUM: 5bac6dd7b2773cbab3848b3cfc82c53bfe0896ee

COCOAPODS: 1.15.2
