PODS:
  - Alamofire (5.0.5)
  - DynamicBlurView (4.1.0)
  - EVReflection (5.10.1):
    - EVReflection/Core (= 5.10.1)
  - EVReflection/Core (5.10.1)
  - MOLH (1.4.3)
  - PayButton (0.6.5):
    - Alamofire (~> 5.0.5)
    - EVReflection (~> 5.10.1)
    - MOLH (~> 1.4.3)
    - PayCardsRecognizer (~> 1.1.7)
    - PopupDialog (~> 1.1.1)
  - PayCardsRecognizer (1.1.7)
  - PopupDialog (1.1.1):
    - DynamicBlurView (~> 4.0)

DEPENDENCIES:
  - PayButton

SPEC REPOS:
  trunk:
    - Alamofire
    - DynamicBlurView
    - EVReflection
    - MOLH
    - PayButton
    - PayCardsRecognizer
    - PopupDialog

SPEC CHECKSUMS:
  Alamofire: df2f8f826963b08b9a870791ad48e07a10090b2e
  DynamicBlurView: 58e18fae80bb614e34681a4486870e7d257b62e8
  EVReflection: 8124de482178d34ccd56473e16cd95990f9a1113
  MOLH: e45827d200aeb1310641090fd8cd03ad2b42ae72
  PayButton: 14138b02e7c72fd765005fb3fa963f495919d562
  PayCardsRecognizer: 2e4d1b2fdd5f1528fb56064a91e1d58a1af7a2db
  PopupDialog: 720c92befd8bc23c13442254945213db5612f149

PODFILE CHECKSUM: 042313fb9a5218a1476388c33b064010feb3855c

COCOAPODS: 1.12.0
